
Microsoft Visual Studio Solution File, Format Version 12.00
# Visual Studio Version 16
VisualStudioVersion = 16.0.32002.261
MinimumVisualStudioVersion = 10.0.40219.1
Project("{FAE04EC0-301F-11D3-BF4B-00C04F79EFBC}") = "SDAIM", "SDAIM\SDAIM.csproj", "{F1B93AD6-88E9-4DC4-9A91-03D35755433E}"
EndProject
Global
	GlobalSection(SolutionConfigurationPlatforms) = preSolution
		Debug|Any CPU = Debug|Any CPU
		Release|Any CPU = Release|Any CPU
	EndGlobalSection
	GlobalSection(ProjectConfigurationPlatforms) = postSolution
		{F1B93AD6-88E9-4DC4-9A91-03D35755433E}.Debug|Any CPU.ActiveCfg = Debug|Any CPU
		{F1B93AD6-88E9-4DC4-9A91-03D35755433E}.Debug|Any CPU.Build.0 = Debug|Any CPU
		{F1B93AD6-88E9-4DC4-9A91-03D35755433E}.Release|Any CPU.ActiveCfg = Release|Any CPU
		{F1B93AD6-88E9-4DC4-9A91-03D35755433E}.Release|Any CPU.Build.0 = Release|Any CPU
	EndGlobalSection
	GlobalSection(SolutionProperties) = preSolution
		HideSolutionNode = FALSE
	EndGlobalSection
	GlobalSection(ExtensibilityGlobals) = postSolution
		SolutionGuid = {450999C5-6588-4753-BA99-B37AE8FC27B8}
	EndGlobalSection
EndGlobal
